
Microsoft Visual Studio Solution File, Format Version 12.00
# Visual Studio Version 17
VisualStudioVersion = 17.5.002.0
MinimumVisualStudioVersion = 10.0.40219.1
Project("{9A19103F-16F7-4668-BE54-9A1E7A4F7556}") = "Finance.Domain", "Finance.Domain.csproj", "{ACEBB117-DEFA-42D7-B226-C3D2814D8E26}"
EndProject
Global
	GlobalSection(SolutionConfigurationPlatforms) = preSolution
		Debug|Any CPU = Debug|Any CPU
		Release|Any CPU = Release|Any CPU
	EndGlobalSection
	GlobalSection(ProjectConfigurationPlatforms) = postSolution
		{ACEBB117-DEFA-42D7-B226-C3D2814D8E26}.Debug|Any CPU.ActiveCfg = Debug|Any CPU
		{ACEBB117-DEFA-42D7-B226-C3D2814D8E26}.Debug|Any CPU.Build.0 = Debug|Any CPU
		{ACEBB117-DEFA-42D7-B226-C3D2814D8E26}.Release|Any CPU.ActiveCfg = Release|Any CPU
		{ACEBB117-DEFA-42D7-B226-C3D2814D8E26}.Release|Any CPU.Build.0 = Release|Any CPU
	EndGlobalSection
	GlobalSection(SolutionProperties) = preSolution
		HideSolutionNode = FALSE
	EndGlobalSection
	GlobalSection(ExtensibilityGlobals) = postSolution
		SolutionGuid = {45B75B88-BA7B-452F-BC02-F4FB6716C72F}
	EndGlobalSection
EndGlobal
